
Microsoft Visual Studio Solution File, Format Version 12.00
Project("{FAE04EC0-301F-11D3-BF4B-00C04F79EFBC}") = "Common", "Common\Common.csproj", "{900F54C9-F188-4E1E-82C2-E5CA8CFE2AEA}"
EndProject
Project("{FAE04EC0-301F-11D3-BF4B-00C04F79EFBC}") = "Day01", "Day01\Day01.csproj", "{0FD0C059-C674-443C-AFCB-1E51AAB5CA7A}"
EndProject
Project("{FAE04EC0-301F-11D3-BF4B-00C04F79EFBC}") = "Day02", "Day02\Day02.csproj", "{9C7EC604-9087-4C77-BB66-ABB4BF01BB86}"
EndProject
Project("{FAE04EC0-301F-11D3-BF4B-00C04F79EFBC}") = "Day03", "Day03\Day03.csproj", "{707E391E-A7F3-46EA-9512-B313C0436874}"
EndProject
Project("{FAE04EC0-301F-11D3-BF4B-00C04F79EFBC}") = "Day04", "Day04\Day04.csproj", "{FB9D02E0-1980-4BDC-8C23-276BB3A3E45C}"
EndProject
Project("{FAE04EC0-301F-11D3-BF4B-00C04F79EFBC}") = "Day05", "Day05\Day05.csproj", "{EE1C9D5B-F5F9-4785-A5A0-A99FC6421DA5}"
EndProject
Project("{FAE04EC0-301F-11D3-BF4B-00C04F79EFBC}") = "Day06", "Day06\Day06.csproj", "{354EAAE1-CEDB-4340-8AE2-029C92A9E830}"
EndProject
Project("{FAE04EC0-301F-11D3-BF4B-00C04F79EFBC}") = "Day07", "Day07\Day07.csproj", "{B78EB992-1FFD-4ACE-8D51-A24C48A4F33E}"
EndProject
Project("{FAE04EC0-301F-11D3-BF4B-00C04F79EFBC}") = "Day08", "Day08\Day08.csproj", "{7EC1EF53-744F-4427-A2C8-CA8D956D3667}"
EndProject
Project("{FAE04EC0-301F-11D3-BF4B-00C04F79EFBC}") = "Day09", "Day09\Day09.csproj", "{6BCF321C-CA2E-489C-8245-E84F15AF4E53}"
EndProject
Project("{FAE04EC0-301F-11D3-BF4B-00C04F79EFBC}") = "Day10", "Day10\Day10.csproj", "{2A8FF771-0016-40B6-B1C4-33C01148ED46}"
EndProject
Project("{FAE04EC0-301F-11D3-BF4B-00C04F79EFBC}") = "Day11", "Day11\Day11.csproj", "{98D71159-87B2-43E5-BCA3-E1172F4AF043}"
EndProject
Project("{FAE04EC0-301F-11D3-BF4B-00C04F79EFBC}") = "Day12", "Day12\Day12.csproj", "{6C194F93-C33E-4367-8DE0-17BC188107CD}"
EndProject
Global
	GlobalSection(SolutionConfigurationPlatforms) = preSolution
		Debug|Any CPU = Debug|Any CPU
		Release|Any CPU = Release|Any CPU
	EndGlobalSection
	GlobalSection(ProjectConfigurationPlatforms) = postSolution
		{900F54C9-F188-4E1E-82C2-E5CA8CFE2AEA}.Debug|Any CPU.ActiveCfg = Debug|Any CPU
		{900F54C9-F188-4E1E-82C2-E5CA8CFE2AEA}.Debug|Any CPU.Build.0 = Debug|Any CPU
		{900F54C9-F188-4E1E-82C2-E5CA8CFE2AEA}.Release|Any CPU.ActiveCfg = Release|Any CPU
		{900F54C9-F188-4E1E-82C2-E5CA8CFE2AEA}.Release|Any CPU.Build.0 = Release|Any CPU
		{0FD0C059-C674-443C-AFCB-1E51AAB5CA7A}.Debug|Any CPU.ActiveCfg = Debug|Any CPU
		{0FD0C059-C674-443C-AFCB-1E51AAB5CA7A}.Debug|Any CPU.Build.0 = Debug|Any CPU
		{0FD0C059-C674-443C-AFCB-1E51AAB5CA7A}.Release|Any CPU.ActiveCfg = Release|Any CPU
		{0FD0C059-C674-443C-AFCB-1E51AAB5CA7A}.Release|Any CPU.Build.0 = Release|Any CPU
		{9C7EC604-9087-4C77-BB66-ABB4BF01BB86}.Debug|Any CPU.ActiveCfg = Debug|Any CPU
		{9C7EC604-9087-4C77-BB66-ABB4BF01BB86}.Debug|Any CPU.Build.0 = Debug|Any CPU
		{9C7EC604-9087-4C77-BB66-ABB4BF01BB86}.Release|Any CPU.ActiveCfg = Release|Any CPU
		{9C7EC604-9087-4C77-BB66-ABB4BF01BB86}.Release|Any CPU.Build.0 = Release|Any CPU
		{707E391E-A7F3-46EA-9512-B313C0436874}.Debug|Any CPU.ActiveCfg = Debug|Any CPU
		{707E391E-A7F3-46EA-9512-B313C0436874}.Debug|Any CPU.Build.0 = Debug|Any CPU
		{707E391E-A7F3-46EA-9512-B313C0436874}.Release|Any CPU.ActiveCfg = Release|Any CPU
		{707E391E-A7F3-46EA-9512-B313C0436874}.Release|Any CPU.Build.0 = Release|Any CPU
		{FB9D02E0-1980-4BDC-8C23-276BB3A3E45C}.Debug|Any CPU.ActiveCfg = Debug|Any CPU
		{FB9D02E0-1980-4BDC-8C23-276BB3A3E45C}.Debug|Any CPU.Build.0 = Debug|Any CPU
		{FB9D02E0-1980-4BDC-8C23-276BB3A3E45C}.Release|Any CPU.ActiveCfg = Release|Any CPU
		{FB9D02E0-1980-4BDC-8C23-276BB3A3E45C}.Release|Any CPU.Build.0 = Release|Any CPU
		{EE1C9D5B-F5F9-4785-A5A0-A99FC6421DA5}.Debug|Any CPU.ActiveCfg = Debug|Any CPU
		{EE1C9D5B-F5F9-4785-A5A0-A99FC6421DA5}.Debug|Any CPU.Build.0 = Debug|Any CPU
		{EE1C9D5B-F5F9-4785-A5A0-A99FC6421DA5}.Release|Any CPU.ActiveCfg = Release|Any CPU
		{EE1C9D5B-F5F9-4785-A5A0-A99FC6421DA5}.Release|Any CPU.Build.0 = Release|Any CPU
		{354EAAE1-CEDB-4340-8AE2-029C92A9E830}.Debug|Any CPU.ActiveCfg = Debug|Any CPU
		{354EAAE1-CEDB-4340-8AE2-029C92A9E830}.Debug|Any CPU.Build.0 = Debug|Any CPU
		{354EAAE1-CEDB-4340-8AE2-029C92A9E830}.Release|Any CPU.ActiveCfg = Release|Any CPU
		{354EAAE1-CEDB-4340-8AE2-029C92A9E830}.Release|Any CPU.Build.0 = Release|Any CPU
		{B78EB992-1FFD-4ACE-8D51-A24C48A4F33E}.Debug|Any CPU.ActiveCfg = Debug|Any CPU
		{B78EB992-1FFD-4ACE-8D51-A24C48A4F33E}.Debug|Any CPU.Build.0 = Debug|Any CPU
		{B78EB992-1FFD-4ACE-8D51-A24C48A4F33E}.Release|Any CPU.ActiveCfg = Release|Any CPU
		{B78EB992-1FFD-4ACE-8D51-A24C48A4F33E}.Release|Any CPU.Build.0 = Release|Any CPU
		{7EC1EF53-744F-4427-A2C8-CA8D956D3667}.Debug|Any CPU.ActiveCfg = Debug|Any CPU
		{7EC1EF53-744F-4427-A2C8-CA8D956D3667}.Debug|Any CPU.Build.0 = Debug|Any CPU
		{7EC1EF53-744F-4427-A2C8-CA8D956D3667}.Release|Any CPU.ActiveCfg = Release|Any CPU
		{7EC1EF53-744F-4427-A2C8-CA8D956D3667}.Release|Any CPU.Build.0 = Release|Any CPU
		{6BCF321C-CA2E-489C-8245-E84F15AF4E53}.Debug|Any CPU.ActiveCfg = Debug|Any CPU
		{6BCF321C-CA2E-489C-8245-E84F15AF4E53}.Debug|Any CPU.Build.0 = Debug|Any CPU
		{6BCF321C-CA2E-489C-8245-E84F15AF4E53}.Release|Any CPU.ActiveCfg = Release|Any CPU
		{6BCF321C-CA2E-489C-8245-E84F15AF4E53}.Release|Any CPU.Build.0 = Release|Any CPU
		{2A8FF771-0016-40B6-B1C4-33C01148ED46}.Debug|Any CPU.ActiveCfg = Debug|Any CPU
		{2A8FF771-0016-40B6-B1C4-33C01148ED46}.Debug|Any CPU.Build.0 = Debug|Any CPU
		{2A8FF771-0016-40B6-B1C4-33C01148ED46}.Release|Any CPU.ActiveCfg = Release|Any CPU
		{2A8FF771-0016-40B6-B1C4-33C01148ED46}.Release|Any CPU.Build.0 = Release|Any CPU
		{98D71159-87B2-43E5-BCA3-E1172F4AF043}.Debug|Any CPU.ActiveCfg = Debug|Any CPU
		{98D71159-87B2-43E5-BCA3-E1172F4AF043}.Debug|Any CPU.Build.0 = Debug|Any CPU
		{98D71159-87B2-43E5-BCA3-E1172F4AF043}.Release|Any CPU.ActiveCfg = Release|Any CPU
		{98D71159-87B2-43E5-BCA3-E1172F4AF043}.Release|Any CPU.Build.0 = Release|Any CPU
		{6C194F93-C33E-4367-8DE0-17BC188107CD}.Debug|Any CPU.ActiveCfg = Debug|Any CPU
		{6C194F93-C33E-4367-8DE0-17BC188107CD}.Debug|Any CPU.Build.0 = Debug|Any CPU
		{6C194F93-C33E-4367-8DE0-17BC188107CD}.Release|Any CPU.ActiveCfg = Release|Any CPU
		{6C194F93-C33E-4367-8DE0-17BC188107CD}.Release|Any CPU.Build.0 = Release|Any CPU
	EndGlobalSection
EndGlobal
