
Microsoft Visual Studio Solution File, Format Version 12.00
Project("{FAE04EC0-301F-11D3-BF4B-00C04F79EFBC}") = "Common", "Common\Common.csproj", "{900F54C9-F188-4E1E-82C2-E5CA8CFE2AEA}"
EndProject
Project("{FAE04EC0-301F-11D3-BF4B-00C04F79EFBC}") = "Day01", "Day01\Day01.csproj", "{0FD0C059-C674-443C-AFCB-1E51AAB5CA7A}"
EndProject
Project("{FAE04EC0-301F-11D3-BF4B-00C04F79EFBC}") = "Day02", "Day02\Day02.csproj", "{9C7EC604-9087-4C77-BB66-ABB4BF01BB86}"
EndProject
Project("{FAE04EC0-301F-11D3-BF4B-00C04F79EFBC}") = "Day03", "Day03\Day03.csproj", "{707E391E-A7F3-46EA-9512-B313C0436874}"
EndProject
Project("{FAE04EC0-301F-11D3-BF4B-00C04F79EFBC}") = "Day04", "Day04\Day04.csproj", "{FB9D02E0-1980-4BDC-8C23-276BB3A3E45C}"
EndProject
Project("{FAE04EC0-301F-11D3-BF4B-00C04F79EFBC}") = "Day05", "Day05\Day05.csproj", "{EE1C9D5B-F5F9-4785-A5A0-A99FC6421DA5}"
EndProject
Global
	GlobalSection(SolutionConfigurationPlatforms) = preSolution
		Debug|Any CPU = Debug|Any CPU
		Release|Any CPU = Release|Any CPU
	EndGlobalSection
	GlobalSection(ProjectConfigurationPlatforms) = postSolution
		{900F54C9-F188-4E1E-82C2-E5CA8CFE2AEA}.Debug|Any CPU.ActiveCfg = Debug|Any CPU
		{900F54C9-F188-4E1E-82C2-E5CA8CFE2AEA}.Debug|Any CPU.Build.0 = Debug|Any CPU
		{900F54C9-F188-4E1E-82C2-E5CA8CFE2AEA}.Release|Any CPU.ActiveCfg = Release|Any CPU
		{900F54C9-F188-4E1E-82C2-E5CA8CFE2AEA}.Release|Any CPU.Build.0 = Release|Any CPU
		{0FD0C059-C674-443C-AFCB-1E51AAB5CA7A}.Debug|Any CPU.ActiveCfg = Debug|Any CPU
		{0FD0C059-C674-443C-AFCB-1E51AAB5CA7A}.Debug|Any CPU.Build.0 = Debug|Any CPU
		{0FD0C059-C674-443C-AFCB-1E51AAB5CA7A}.Release|Any CPU.ActiveCfg = Release|Any CPU
		{0FD0C059-C674-443C-AFCB-1E51AAB5CA7A}.Release|Any CPU.Build.0 = Release|Any CPU
		{9C7EC604-9087-4C77-BB66-ABB4BF01BB86}.Debug|Any CPU.ActiveCfg = Debug|Any CPU
		{9C7EC604-9087-4C77-BB66-ABB4BF01BB86}.Debug|Any CPU.Build.0 = Debug|Any CPU
		{9C7EC604-9087-4C77-BB66-ABB4BF01BB86}.Release|Any CPU.ActiveCfg = Release|Any CPU
		{9C7EC604-9087-4C77-BB66-ABB4BF01BB86}.Release|Any CPU.Build.0 = Release|Any CPU
		{707E391E-A7F3-46EA-9512-B313C0436874}.Debug|Any CPU.ActiveCfg = Debug|Any CPU
		{707E391E-A7F3-46EA-9512-B313C0436874}.Debug|Any CPU.Build.0 = Debug|Any CPU
		{707E391E-A7F3-46EA-9512-B313C0436874}.Release|Any CPU.ActiveCfg = Release|Any CPU
		{707E391E-A7F3-46EA-9512-B313C0436874}.Release|Any CPU.Build.0 = Release|Any CPU
		{FB9D02E0-1980-4BDC-8C23-276BB3A3E45C}.Debug|Any CPU.ActiveCfg = Debug|Any CPU
		{FB9D02E0-1980-4BDC-8C23-276BB3A3E45C}.Debug|Any CPU.Build.0 = Debug|Any CPU
		{FB9D02E0-1980-4BDC-8C23-276BB3A3E45C}.Release|Any CPU.ActiveCfg = Release|Any CPU
		{FB9D02E0-1980-4BDC-8C23-276BB3A3E45C}.Release|Any CPU.Build.0 = Release|Any CPU
		{EE1C9D5B-F5F9-4785-A5A0-A99FC6421DA5}.Debug|Any CPU.ActiveCfg = Debug|Any CPU
		{EE1C9D5B-F5F9-4785-A5A0-A99FC6421DA5}.Debug|Any CPU.Build.0 = Debug|Any CPU
		{EE1C9D5B-F5F9-4785-A5A0-A99FC6421DA5}.Release|Any CPU.ActiveCfg = Release|Any CPU
		{EE1C9D5B-F5F9-4785-A5A0-A99FC6421DA5}.Release|Any CPU.Build.0 = Release|Any CPU
	EndGlobalSection
EndGlobal
